# THIS IS AN AUTOGENERATED FILE. DO NOT EDIT THIS FILE DIRECTLY.
# yarn lockfile v1


"@babel/runtime@^7.11.2", "@babel/runtime@^7.12.5", "@babel/runtime@^7.5.5":
  version "7.23.2"
  resolved "https://registry.npmjs.org/@babel/runtime/-/runtime-7.23.2.tgz"
  integrity sha512-mM8eg4yl5D6i3lu2QKPuPH4FArvJ8KhTofbE7jwMUv9KX5mBvwPAqnV3MlyBNqdp9RyRKP6Yck8TrfYrPvX3bg==
  dependencies:
    regenerator-runtime "^0.14.0"

"@popperjs/core@^2.11.2", "@popperjs/core@^2.9.2":
  version "2.11.8"
  resolved "https://registry.npmjs.org/@popperjs/core/-/core-2.11.8.tgz"
  integrity sha512-P1st0aksCrn9sGZhp8GMYwBnQsbvAWsZAX44oXNNvLHGqAOcoVxmjZiohstwQ7SqKnbR47akdNi+uleWD8+g6A==

"@splidejs/splide@^3.6.12":
  version "3.6.12"
  resolved "https://registry.npmjs.org/@splidejs/splide/-/splide-3.6.12.tgz"
  integrity sha512-ggOUAuSxjWuxxL0IQEZcux26KByfKWfYM2HYmvDBdxkXc5evVW+xuECO+3iuciyrJpgcbYTr4hn0cHfbNlYIeA==

"@types/bootstrap@^5.2.6":
  version "5.2.8"
  resolved "https://registry.npmjs.org/@types/bootstrap/-/bootstrap-5.2.8.tgz"
  integrity sha512-14do+aWZPc1w3G+YevSsy8eas1XEPhTOUNBhQX/r12YKn7ySssATJusBQ/HCQAd2nq54U8vvrftHSb1YpeJUXg==
  dependencies:
    "@popperjs/core" "^2.9.2"

"@videojs/http-streaming@3.7.0":
  version "3.7.0"
  resolved "https://registry.npmjs.org/@videojs/http-streaming/-/http-streaming-3.7.0.tgz"
  integrity sha512-5uLFKBL8CvD56dxxJyuxqB5CY0tdoa4SE9KbXakeiAy6iFBUEPvTr2YGLKEWvQ8Lojs1wl+FQndLdv+GO7t9Fw==
  dependencies:
    "@babel/runtime" "^7.12.5"
    "@videojs/vhs-utils" "4.0.0"
    aes-decrypter "4.0.1"
    global "^4.4.0"
    m3u8-parser "^7.1.0"
    mpd-parser "^1.2.2"
    mux.js "7.0.1"
    video.js "^7 || ^8"

"@videojs/vhs-utils@4.0.0", "@videojs/vhs-utils@^4.0.0":
  version "4.0.0"
  resolved "https://registry.npmjs.org/@videojs/vhs-utils/-/vhs-utils-4.0.0.tgz"
  integrity sha512-xJp7Yd4jMLwje2vHCUmi8MOUU76nxiwII3z4Eg3Ucb+6rrkFVGosrXlMgGnaLjq724j3wzNElRZ71D/CKrTtxg==
  dependencies:
    "@babel/runtime" "^7.12.5"
    global "^4.4.0"
    url-toolkit "^2.2.1"

"@videojs/vhs-utils@^3.0.5":
  version "3.0.5"
  resolved "https://registry.npmjs.org/@videojs/vhs-utils/-/vhs-utils-3.0.5.tgz"
  integrity sha512-PKVgdo8/GReqdx512F+ombhS+Bzogiofy1LgAj4tN8PfdBx3HSS7V5WfJotKTqtOWGwVfSWsrYN/t09/DSryrw==
  dependencies:
    "@babel/runtime" "^7.12.5"
    global "^4.4.0"
    url-toolkit "^2.2.1"

"@videojs/xhr@2.6.0":
  version "2.6.0"
  resolved "https://registry.npmjs.org/@videojs/xhr/-/xhr-2.6.0.tgz"
  integrity sha512-7J361GiN1tXpm+gd0xz2QWr3xNWBE+rytvo8J3KuggFaLg+U37gZQ2BuPLcnkfGffy2e+ozY70RHC8jt7zjA6Q==
  dependencies:
    "@babel/runtime" "^7.5.5"
    global "~4.4.0"
    is-function "^1.0.1"

"@xmldom/xmldom@^0.8.3":
  version "0.8.10"
  resolved "https://registry.npmjs.org/@xmldom/xmldom/-/xmldom-0.8.10.tgz"
  integrity sha512-2WALfTl4xo2SkGCYRt6rDTFfk9R1czmBvUQy12gK2KuRKIpWEhcbbzy8EZXtz/jkRqHX8bFEc6FC1HjX4TUWYw==

accessible-autocomplete@^2.0.4:
  version "2.0.4"
  resolved "https://registry.npmjs.org/accessible-autocomplete/-/accessible-autocomplete-2.0.4.tgz"
  integrity sha512-2p0txrSpvs5wXFUeQJHMheDPTZVSEmiUHWlEPb7vJnv2Dd1xPfoLnBQQMfNbTSit2pL/9sSQYESuD2Yyohd4Yw==
  dependencies:
    preact "^8.3.1"

aes-decrypter@4.0.1, aes-decrypter@^4.0.1:
  version "4.0.1"
  resolved "https://registry.npmjs.org/aes-decrypter/-/aes-decrypter-4.0.1.tgz"
  integrity sha512-H1nh/P9VZXUf17AA5NQfJML88CFjVBDuGkp5zDHa7oEhYN9TTpNLJknRY1ie0iSKWlDf6JRnJKaZVDSQdPy6Cg==
  dependencies:
    "@babel/runtime" "^7.12.5"
    "@videojs/vhs-utils" "^3.0.5"
    global "^4.4.0"
    pkcs7 "^1.0.4"

animejs@^3.2.1:
  version "3.2.1"
  resolved "https://registry.npmjs.org/animejs/-/animejs-3.2.1.tgz"
  integrity sha512-sWno3ugFryK5nhiDm/2BKeFCpZv7vzerWUcUPyAZLDhMek3+S/p418ldZJbJXo5ZUOpfm2kP2XRO4NJcULMy9A==

bootstrap-italia@^2.7.5:
  version "2.7.5"
  resolved "https://registry.yarnpkg.com/bootstrap-italia/-/bootstrap-italia-2.7.5.tgz#b8e9741ff27c24d90c88b9495e0977c11b35cd93"
  integrity sha512-XucHDQUrKY1WBU5GFzMLjiNgC6X7989X6ThtdZE9pawKhZyQBDj5RAMDvR4lFwFEMHYMR2Wc8eed0kcaeCgy9A==
  dependencies:
    "@popperjs/core" "^2.11.2"
    "@splidejs/splide" "^3.6.12"
    "@types/bootstrap" "^5.2.6"
    accessible-autocomplete "^2.0.4"
    animejs "^3.2.1"
    bootstrap "5.2.3"
    design-tokens-italia "^1.1.1"
    just-validate "^3.10.0"
    masonry-layout "^4.2.2"
    progressbar.js "^1.1.0"
    uuid "^8.3.2"
    video.js "^8.0.4"

bootstrap@5.2.3:
  version "5.2.3"
  resolved "https://registry.npmjs.org/bootstrap/-/bootstrap-5.2.3.tgz"
  integrity sha512-cEKPM+fwb3cT8NzQZYEu4HilJ3anCrWqh3CHAok1p9jXqMPsPTBhU25fBckEJHJ/p+tTxTFTsFQGM+gaHpi3QQ==

desandro-matches-selector@^2.0.0:
  version "2.0.2"
  resolved "https://registry.npmjs.org/desandro-matches-selector/-/desandro-matches-selector-2.0.2.tgz"
  integrity sha512-+1q0nXhdzg1IpIJdMKalUwvvskeKnYyEe3shPRwedNcWtnhEKT3ZxvFjzywHDeGcKViIxTCAoOYQWP1qD7VNyg==

design-tokens-italia@^1.1.1:
  version "1.1.1"
  resolved "https://registry.npmjs.org/design-tokens-italia/-/design-tokens-italia-1.1.1.tgz"
  integrity sha512-WCDGP1ASq8s0MlwoJLhBGBl/kX/4PFU93xEBXsFELyYgdaDQMg9qZJH379f1HktMNWnLmKCBqd8qZju/o+0wVA==

dom-walk@^0.1.0:
  version "0.1.2"
  resolved "https://registry.npmjs.org/dom-walk/-/dom-walk-0.1.2.tgz"
  integrity sha512-6QvTW9mrGeIegrFXdtQi9pk7O/nSK6lSdXW2eqUspN5LWD7UTji2Fqw5V2YLjBpHEoU9Xl/eUWNpDeZvoyOv2w==

ev-emitter@^1.0.0:
  version "1.1.1"
  resolved "https://registry.npmjs.org/ev-emitter/-/ev-emitter-1.1.1.tgz"
  integrity sha512-ipiDYhdQSCZ4hSbX4rMW+XzNKMD1prg/sTvoVmSLkuQ1MVlwjJQQA+sW8tMYR3BLUr9KjodFV4pvzunvRhd33Q==

fizzy-ui-utils@^2.0.0:
  version "2.0.7"
  resolved "https://registry.npmjs.org/fizzy-ui-utils/-/fizzy-ui-utils-2.0.7.tgz"
  integrity sha512-CZXDVXQ1If3/r8s0T+v+qVeMshhfcuq0rqIFgJnrtd+Bu8GmDmqMjntjUePypVtjHXKJ6V4sw9zeyox34n9aCg==
  dependencies:
    desandro-matches-selector "^2.0.0"

fsevents@^2.3.2:
  version "2.3.3"
  resolved "https://registry.npmjs.org/fsevents/-/fsevents-2.3.3.tgz"
  integrity sha512-5xoDfX+fL7faATnagmWPpbFtwh/R77WmMMqqHGS65C3vvB0YHrgF+B1YmZ3441tMj5n63k0212XNoJwzlhffQw==

get-size@^2.0.2:
  version "2.0.3"
  resolved "https://registry.npmjs.org/get-size/-/get-size-2.0.3.tgz"
  integrity sha512-lXNzT/h/dTjTxRbm9BXb+SGxxzkm97h/PCIKtlN/CBCxxmkkIVV21udumMS93MuVTDX583gqc94v3RjuHmI+2Q==

global@4.4.0, global@^4.3.1, global@^4.4.0, global@~4.4.0:
  version "4.4.0"
  resolved "https://registry.npmjs.org/global/-/global-4.4.0.tgz"
  integrity sha512-wv/LAoHdRE3BeTGz53FAamhGlPLhlssK45usmGFThIi4XqnBmjKQ16u+RNbP7WvigRZDxUsM0J3gcQ5yicaL0w==
  dependencies:
    min-document "^2.19.0"
    process "^0.11.10"

individual@^2.0.0:
  version "2.0.0"
  resolved "https://registry.npmjs.org/individual/-/individual-2.0.0.tgz"
  integrity sha512-pWt8hBCqJsUWI/HtcfWod7+N9SgAqyPEaF7JQjwzjn5vGrpg6aQ5qeAFQ7dx//UH4J1O+7xqew+gCeeFt6xN/g==

is-function@^1.0.1:
  version "1.0.2"
  resolved "https://registry.npmjs.org/is-function/-/is-function-1.0.2.tgz"
  integrity sha512-lw7DUp0aWXYg+CBCN+JKkcE0Q2RayZnSvnZBlwgxHBQhqt5pZNVy4Ri7H9GmmXkdu7LUthszM+Tor1u/2iBcpQ==

just-validate@^3.10.0:
  version "3.10.0"
  resolved "https://registry.npmjs.org/just-validate/-/just-validate-3.10.0.tgz"
  integrity sha512-789+Y7yTwcyCReD+wWAnjGzbWTWth5yHMT9MvaM3RLDExQfmIDye/X8ziHOhI2UDa7ef7HMAb6cFifTaKJa5Yg==

keycode@2.2.0:
  version "2.2.0"
  resolved "https://registry.npmjs.org/keycode/-/keycode-2.2.0.tgz"
  integrity sha512-ps3I9jAdNtRpJrbBvQjpzyFbss/skHqzS+eu4RxKLaEAtFqkjZaB6TZMSivPbLxf4K7VI4SjR0P5mRCX5+Q25A==

lodash.merge@^4.6.2:
  version "4.6.2"
  resolved "https://registry.npmjs.org/lodash.merge/-/lodash.merge-4.6.2.tgz"
  integrity sha512-0KpjqXRVvrYyCsX1swR/XTK0va6VQkQM6MNo7PqW77ByjAhoARA8EfrP1N4+KlKj8YS0ZUCtRT/YUuhyYDujIQ==

m3u8-parser@^6.0.0:
  version "6.2.0"
  resolved "https://registry.npmjs.org/m3u8-parser/-/m3u8-parser-6.2.0.tgz"
  integrity sha512-qlC00JTxYOxawcqg+RB8jbyNwL3foY/nCY61kyWP+RCuJE9APLeqB/nSlTjb4Mg0yRmyERgjswpdQxMvkeoDrg==
  dependencies:
    "@babel/runtime" "^7.12.5"
    "@videojs/vhs-utils" "^3.0.5"
    global "^4.4.0"

m3u8-parser@^7.1.0:
  version "7.1.0"
  resolved "https://registry.npmjs.org/m3u8-parser/-/m3u8-parser-7.1.0.tgz"
  integrity sha512-7N+pk79EH4oLKPEYdgRXgAsKDyA/VCo0qCHlUwacttQA0WqsjZQYmNfywMvjlY9MpEBVZEt0jKFd73Kv15EBYQ==
  dependencies:
    "@babel/runtime" "^7.12.5"
    "@videojs/vhs-utils" "^3.0.5"
    global "^4.4.0"

masonry-layout@^4.2.2:
  version "4.2.2"
  resolved "https://registry.npmjs.org/masonry-layout/-/masonry-layout-4.2.2.tgz"
  integrity sha512-iGtAlrpHNyxaR19CvKC3npnEcAwszXoyJiI8ARV2ePi7fmYhIud25MHK8Zx4P0LCC4d3TNO9+rFa1KoK1OEOaA==
  dependencies:
    get-size "^2.0.2"
    outlayer "^2.1.0"

min-document@^2.19.0:
  version "2.19.0"
  resolved "https://registry.npmjs.org/min-document/-/min-document-2.19.0.tgz"
  integrity sha512-9Wy1B3m3f66bPPmU5hdA4DR4PB2OfDU/+GS3yAB7IQozE3tqXaVv2zOjgla7MEGSRv95+ILmOuvhLkOK6wJtCQ==
  dependencies:
    dom-walk "^0.1.0"

mpd-parser@^1.0.1, mpd-parser@^1.2.2:
  version "1.2.2"
  resolved "https://registry.npmjs.org/mpd-parser/-/mpd-parser-1.2.2.tgz"
  integrity sha512-QCfB1koOoZw6E5La1cx+W/Yd0EZlRhHMqMr4TAJez0eRTuPDzPM5FWoiOqjyo37W+ISPLzmfJACSbJFEBjbL4Q==
  dependencies:
    "@babel/runtime" "^7.12.5"
    "@videojs/vhs-utils" "^3.0.5"
    "@xmldom/xmldom" "^0.8.3"
    global "^4.4.0"

mux.js@7.0.1, mux.js@^7.0.1:
  version "7.0.1"
  resolved "https://registry.npmjs.org/mux.js/-/mux.js-7.0.1.tgz"
  integrity sha512-Omz79uHqYpMP1V80JlvEdCiOW1hiw4mBvDh9gaZEpxvB+7WYb2soZSzfuSRrK2Kh9Pm6eugQNrIpY/Bnyhk4hw==
  dependencies:
    "@babel/runtime" "^7.11.2"
    global "^4.4.0"

outlayer@^2.1.0:
  version "2.1.1"
  resolved "https://registry.npmjs.org/outlayer/-/outlayer-2.1.1.tgz"
  integrity sha512-+GplXsCQ3VrbGujAeHEzP9SXsBmJxzn/YdDSQZL0xqBmAWBmortu2Y9Gwdp9J0bgDQ8/YNIPMoBM13nTwZfAhw==
  dependencies:
    ev-emitter "^1.0.0"
    fizzy-ui-utils "^2.0.0"
    get-size "^2.0.2"

pkcs7@^1.0.4:
  version "1.0.4"
  resolved "https://registry.npmjs.org/pkcs7/-/pkcs7-1.0.4.tgz"
  integrity sha512-afRERtHn54AlwaF2/+LFszyAANTCggGilmcmILUzEjvs3XgFZT+xE6+QWQcAGmu4xajy+Xtj7acLOPdx5/eXWQ==
  dependencies:
    "@babel/runtime" "^7.5.5"

preact@^8.3.1:
  version "8.5.3"
  resolved "https://registry.npmjs.org/preact/-/preact-8.5.3.tgz"
  integrity sha512-O3kKP+1YdgqHOFsZF2a9JVdtqD+RPzCQc3rP+Ualf7V6rmRDchZ9MJbiGTT7LuyqFKZqlHSOyO/oMFmI2lVTsw==

process@^0.11.10:
  version "0.11.10"
  resolved "https://registry.npmjs.org/process/-/process-0.11.10.tgz"
  integrity sha512-cdGef/drWFoydD1JsMzuFf8100nZl+GT+yacc2bEced5f9Rjk4z+WtFUTBu9PhOi9j/jfmBPu0mMEY4wIdAF8A==

progressbar.js@^1.1.0:
  version "1.1.1"
  resolved "https://registry.npmjs.org/progressbar.js/-/progressbar.js-1.1.1.tgz"
  integrity sha512-FBsw3BKsUbb+hNeYfiP3xzvAAQrPi4DnGDw66bCmfuRCDLcslxyxv2GyYUdBSKFGSIBa73CUP5WMcl6F8AAXlw==
  dependencies:
    lodash.merge "^4.6.2"
    shifty "^2.8.3"

regenerator-runtime@^0.14.0:
  version "0.14.0"
  resolved "https://registry.npmjs.org/regenerator-runtime/-/regenerator-runtime-0.14.0.tgz"
  integrity sha512-srw17NI0TUWHuGa5CFGGmhfNIeja30WMBfbslPNhf6JrqQlLN5gcrvig1oqPxiVaXb0oW0XRKtH6Nngs5lKCIA==

rust-result@^1.0.0:
  version "1.0.0"
  resolved "https://registry.npmjs.org/rust-result/-/rust-result-1.0.0.tgz"
  integrity sha512-6cJzSBU+J/RJCF063onnQf0cDUOHs9uZI1oroSGnHOph+CQTIJ5Pp2hK5kEQq1+7yE/EEWfulSNXAQ2jikPthA==
  dependencies:
    individual "^2.0.0"

safe-json-parse@4.0.0:
  version "4.0.0"
  resolved "https://registry.npmjs.org/safe-json-parse/-/safe-json-parse-4.0.0.tgz"
  integrity sha512-RjZPPHugjK0TOzFrLZ8inw44s9bKox99/0AZW9o/BEQVrJfhI+fIHMErnPyRa89/yRXUUr93q+tiN6zhoVV4wQ==
  dependencies:
    rust-result "^1.0.0"

shifty@^2.8.3:
  version "2.20.4"
  resolved "https://registry.npmjs.org/shifty/-/shifty-2.20.4.tgz"
  integrity sha512-4Y0qRkg8ME5XN8yGNAwmFOmsIURGFKT9UQfNL6DDJQErYtN5HsjyoBuJn41ZQfTkuu2rIbRMn9qazjKsDpO2TA==
  optionalDependencies:
    fsevents "^2.3.2"

url-toolkit@^2.2.1:
  version "2.2.5"
  resolved "https://registry.npmjs.org/url-toolkit/-/url-toolkit-2.2.5.tgz"
  integrity sha512-mtN6xk+Nac+oyJ/PrI7tzfmomRVNFIWKUbG8jdYFt52hxbiReFAXIjYskvu64/dvuW71IcB7lV8l0HvZMac6Jg==

uuid@^8.3.2:
  version "8.3.2"
  resolved "https://registry.npmjs.org/uuid/-/uuid-8.3.2.tgz"
  integrity sha512-+NYs2QeMWy+GWFOEm9xnn6HCDp0l7QBD7ml8zLUmJ+93Q5NF0NocErnwkTkXVFNiX3/fpC6afS8Dhb/gz7R7eg==

"video.js@^7 || ^8", video.js@^8.0.4:
  version "8.6.1"
  resolved "https://registry.npmjs.org/video.js/-/video.js-8.6.1.tgz"
  integrity sha512-CNYVJ5WWIZ7bOhbkkfcKqLGoc6WsE3Ft2RfS1lXdQTWk8UiSsPW2Ssk2JzPCA8qnIlUG9os/faCFsYWjyu4JcA==
  dependencies:
    "@babel/runtime" "^7.12.5"
    "@videojs/http-streaming" "3.7.0"
    "@videojs/vhs-utils" "^4.0.0"
    "@videojs/xhr" "2.6.0"
    aes-decrypter "^4.0.1"
    global "4.4.0"
    keycode "2.2.0"
    m3u8-parser "^6.0.0"
    mpd-parser "^1.0.1"
    mux.js "^7.0.1"
    safe-json-parse "4.0.0"
    videojs-contrib-quality-levels "4.0.0"
    videojs-font "4.1.0"
    videojs-vtt.js "0.15.5"

videojs-contrib-quality-levels@4.0.0:
  version "4.0.0"
  resolved "https://registry.npmjs.org/videojs-contrib-quality-levels/-/videojs-contrib-quality-levels-4.0.0.tgz"
  integrity sha512-u5rmd8BjLwANp7XwuQ0Q/me34bMe6zg9PQdHfTS7aXgiVRbNTb4djcmfG7aeSrkpZjg+XCLezFNenlJaCjBHKw==
  dependencies:
    global "^4.4.0"

videojs-font@4.1.0:
  version "4.1.0"
  resolved "https://registry.npmjs.org/videojs-font/-/videojs-font-4.1.0.tgz"
  integrity sha512-X1LuPfLZPisPLrANIAKCknZbZu5obVM/ylfd1CN+SsCmPZQ3UMDPcvLTpPBJxcBuTpHQq2MO1QCFt7p8spnZ/w==

videojs-vtt.js@0.15.5:
  version "0.15.5"
  resolved "https://registry.npmjs.org/videojs-vtt.js/-/videojs-vtt.js-0.15.5.tgz"
  integrity sha512-yZbBxvA7QMYn15Lr/ZfhhLPrNpI/RmCSCqgIff57GC2gIrV5YfyzLfLyZMj0NnZSAz8syB4N0nHXpZg9MyrMOQ==
  dependencies:
    global "^4.3.1"
